uuid: a45a7885-6771-4b69-a645-4165a4e42a05
langcode: en
status: true
dependencies:
  content:
    - 'block_content:basic:750f041a-f467-4951-bca3-2b1d54fe623c'
  module:
    - block_content
  theme:
    - tara
id: mycustomblock
theme: tara
region: sidebar_first
weight: 0
provider: null
plugin: 'block_content:750f041a-f467-4951-bca3-2b1d54fe623c'
settings:
  id: 'block_content:750f041a-f467-4951-bca3-2b1d54fe623c'
  label: 'My Custom Block'
  provider: block_content
  label_display: visible
  status: true
  info: ''
  view_mode: full
visibility: {  }
